// !$*UTF8*$!
{
	archiveVersion = 1;
	classes = {
	};
	objectVersion = 50;
	objects = {

/* Begin PBXBuildFile section */
		69261B24223B3F6100637B45 /* DonutChartView.swift in Sources */ = {isa = PBXBuildFile; fileRef = 69261B23223B3F6100637B45 /* DonutChartView.swift */; };
		69261B26223B423000637B45 /* ProgressViewController.swift in Sources */ = {isa = PBXBuildFile; fileRef = 69261B25223B423000637B45 /* ProgressViewController.swift */; };
		69261B2B223B758000637B45 /* radian.png in Resources */ = {isa = PBXBuildFile; fileRef = 69261B29223B758000637B45 /* radian.png */; };
		69261B2C223B758000637B45 /* degree.png in Resources */ = {isa = PBXBuildFile; fileRef = 69261B2A223B758000637B45 /* degree.png */; };
		69261B2F223B804F00637B45 /* HBarChartView.swift in Sources */ = {isa = PBXBuildFile; fileRef = 69261B2E223B804F00637B45 /* HBarChartView.swift */; };
		69261B31223B805E00637B45 /* VBarChartView.swift in Sources */ = {isa = PBXBuildFile; fileRef = 69261B30223B805E00637B45 /* VBarChartView.swift */; };
		6965D008223A5A2000DBB5BE /* AppDelegate.swift in Sources */ = {isa = PBXBuildFile; fileRef = 6965D007223A5A2000DBB5BE /* AppDelegate.swift */; };
		6965D00A223A5A2000DBB5BE /* ViewController.swift in Sources */ = {isa = PBXBuildFile; fileRef = 6965D009223A5A2000DBB5BE /* ViewController.swift */; };
		6965D00D223A5A2000DBB5BE /* Main.storyboard in Resources */ = {isa = PBXBuildFile; fileRef = 6965D00B223A5A2000DBB5BE /* Main.storyboard */; };
		6965D00F223A5A2100DBB5BE /* Assets.xcassets in Resources */ = {isa = PBXBuildFile; fileRef = 6965D00E223A5A2100DBB5BE /* Assets.xcassets */; };
		6965D012223A5A2100DBB5BE /* LaunchScreen.storyboard in Resources */ = {isa = PBXBuildFile; fileRef = 6965D010223A5A2100DBB5BE /* LaunchScreen.storyboard */; };
/* End PBXBuildFile section */

/* Begin PBXFileReference section */
		69261B23223B3F6100637B45 /* DonutChartView.swift */ = {isa = PBXFileReference; lastKnownFileType = sourcecode.swift; path = DonutChartView.swift; sourceTree = "<group>"; };
		69261B25223B423000637B45 /* ProgressViewController.swift */ = {isa = PBXFileReference; lastKnownFileType = sourcecode.swift; path = ProgressViewController.swift; sourceTree = "<group>"; };
		69261B29223B758000637B45 /* radian.png */ = {isa = PBXFileReference; lastKnownFileType = image.png; path = radian.png; sourceTree = "<group>"; };
		69261B2A223B758000637B45 /* degree.png */ = {isa = PBXFileReference; lastKnownFileType = image.png; path = degree.png; sourceTree = "<group>"; };
		69261B2E223B804F00637B45 /* HBarChartView.swift */ = {isa = PBXFileReference; lastKnownFileType = sourcecode.swift; path = HBarChartView.swift; sourceTree = "<group>"; };
		69261B30223B805E00637B45 /* VBarChartView.swift */ = {isa = PBXFileReference; lastKnownFileType = sourcecode.swift; path = VBarChartView.swift; sourceTree = "<group>"; };
		6965D004223A5A2000DBB5BE /* ChartDemo.app */ = {isa = PBXFileReference; explicitFileType = wrapper.application; includeInIndex = 0; path = ChartDemo.app; sourceTree = BUILT_PRODUCTS_DIR; };
		6965D007223A5A2000DBB5BE /* AppDelegate.swift */ = {isa = PBXFileReference; lastKnownFileType = sourcecode.swift; path = AppDelegate.swift; sourceTree = "<group>"; };
		6965D009223A5A2000DBB5BE /* ViewController.swift */ = {isa = PBXFileReference; lastKnownFileType = sourcecode.swift; path = ViewController.swift; sourceTree = "<group>"; };
		6965D00C223A5A2000DBB5BE /* Base */ = {isa = PBXFileReference; lastKnownFileType = file.storyboard; name = Base; path = Base.lproj/Main.storyboard; sourceTree = "<group>"; };
		6965D00E223A5A2100DBB5BE /* Assets.xcassets */ = {isa = PBXFileReference; lastKnownFileType = folder.assetcatalog; path = Assets.xcassets; sourceTree = "<group>"; };
		6965D011223A5A2100DBB5BE /* Base */ = {isa = PBXFileReference; lastKnownFileType = file.storyboard; name = Base; path = Base.lproj/LaunchScreen.storyboard; sourceTree = "<group>"; };
		6965D013223A5A2100DBB5BE /* Info.plist */ = {isa = PBXFileReference; lastKnownFileType = text.plist.xml; path = Info.plist; sourceTree = "<group>"; };
/* End PBXFileReference section */

/* Begin PBXFrameworksBuildPhase section */
		6965D001223A5A2000DBB5BE /* Frameworks */ = {
			isa = PBXFrameworksBuildPhase;
			buildActionMask = 2147483647;
			files = (
			);
			runOnlyForDeploymentPostprocessing = 0;
		};
/* End PBXFrameworksBuildPhase section */

/* Begin PBXGroup section */
		69261B22223B3F4600637B45 /* Chart */ = {
			isa = PBXGroup;
			children = (
				69261B23223B3F6100637B45 /* DonutChartView.swift */,
				69261B2E223B804F00637B45 /* HBarChartView.swift */,
				69261B30223B805E00637B45 /* VBarChartView.swift */,
			);
			path = Chart;
			sourceTree = "<group>";
		};
		69261B2D223B759900637B45 /* Document */ = {
			isa = PBXGroup;
			children = (
				69261B29223B758000637B45 /* radian.png */,
				69261B2A223B758000637B45 /* degree.png */,
			);
			path = Document;
			sourceTree = "<group>";
		};
		6965CFFB223A5A2000DBB5BE = {
			isa = PBXGroup;
			children = (
				6965D006223A5A2000DBB5BE /* ChartDemo */,
				6965D005223A5A2000DBB5BE /* Products */,
			);
			sourceTree = "<group>";
		};
		6965D005223A5A2000DBB5BE /* Products */ = {
			isa = PBXGroup;
			children = (
				6965D004223A5A2000DBB5BE /* ChartDemo.app */,
			);
			name = Products;
			sourceTree = "<group>";
		};
		6965D006223A5A2000DBB5BE /* ChartDemo */ = {
			isa = PBXGroup;
			children = (
				69261B2D223B759900637B45 /* Document */,
				69261B22223B3F4600637B45 /* Chart */,
				6965D007223A5A2000DBB5BE /* AppDelegate.swift */,
				6965D009223A5A2000DBB5BE /* ViewController.swift */,
				69261B25223B423000637B45 /* ProgressViewController.swift */,
				6965D00B223A5A2000DBB5BE /* Main.storyboard */,
				6965D00E223A5A2100DBB5BE /* Assets.xcassets */,
				6965D010223A5A2100DBB5BE /* LaunchScreen.storyboard */,
				6965D013223A5A2100DBB5BE /* Info.plist */,
			);
			path = ChartDemo;
			sourceTree = "<group>";
		};
/* End PBXGroup section */

/* Begin PBXNativeTarget section */
		6965D003223A5A2000DBB5BE /* ChartDemo */ = {
			isa = PBXNativeTarget;
			buildConfigurationList = 6965D016223A5A2100DBB5BE /* Build configuration list for PBXNativeTarget "ChartDemo" */;
			buildPhases = (
				6965D000223A5A2000DBB5BE /* Sources */,
				6965D001223A5A2000DBB5BE /* Frameworks */,
				6965D002223A5A2000DBB5BE /* Resources */,
			);
			buildRules = (
			);
			dependencies = (
			);
			name = ChartDemo;
			productName = ChartDemo;
			productReference = 6965D004223A5A2000DBB5BE /* ChartDemo.app */;
			productType = "com.apple.product-type.application";
		};
/* End PBXNativeTarget section */

/* Begin PBXProject section */
		6965CFFC223A5A2000DBB5BE /* Project object */ = {
			isa = PBXProject;
			attributes = {
				LastSwiftUpdateCheck = 1010;
				LastUpgradeCheck = 1010;
				TargetAttributes = {
					6965D003223A5A2000DBB5BE = {
						CreatedOnToolsVersion = 10.1;
					};
				};
			};
			buildConfigurationList = 6965CFFF223A5A2000DBB5BE /* Build configuration list for PBXProject "ChartDemo" */;
			compatibilityVersion = "Xcode 9.3";
			developmentRegion = en;
			hasScannedForEncodings = 0;
			knownRegions = (
				en,
				Base,
			);
			mainGroup = 6965CFFB223A5A2000DBB5BE;
			productRefGroup = 6965D005223A5A2000DBB5BE /* Products */;
			projectDirPath = "";
			projectRoot = "";
			targets = (
				6965D003223A5A2000DBB5BE /* ChartDemo */,
			);
		};
/* End PBXProject section */

/* Begin PBXResourcesBuildPhase section */
		6965D002223A5A2000DBB5BE /* Resources */ = {
			isa = PBXResourcesBuildPhase;
			buildActionMask = 2147483647;
			files = (
				6965D012223A5A2100DBB5BE /* LaunchScreen.storyboard in Resources */,
				69261B2C223B758000637B45 /* degree.png in Resources */,
				69261B2B223B758000637B45 /* radian.png in Resources */,
				6965D00F223A5A2100DBB5BE /* Assets.xcassets in Resources */,
				6965D00D223A5A2000DBB5BE /* Main.storyboard in Resources */,
			);
			runOnlyForDeploymentPostprocessing = 0;
		};
/* End PBXResourcesBuildPhase section */

/* Begin PBXSourcesBuildPhase section */
		6965D000223A5A2000DBB5BE /* Sources */ = {
			isa = PBXSourcesBuildPhase;
			buildActionMask = 2147483647;
			files = (
				69261B31223B805E00637B45 /* VBarChartView.swift in Sources */,
				6965D00A223A5A2000DBB5BE /* ViewController.swift in Sources */,
				69261B24223B3F6100637B45 /* DonutChartView.swift in Sources */,
				69261B2F223B804F00637B45 /* HBarChartView.swift in Sources */,
				6965D008223A5A2000DBB5BE /* AppDelegate.swift in Sources */,
				69261B26223B423000637B45 /* ProgressViewController.swift in Sources */,
			);
			runOnlyForDeploymentPostprocessing = 0;
		};
/* End PBXSourcesBuildPhase section */

/* Begin PBXVariantGroup section */
		6965D00B223A5A2000DBB5BE /* Main.storyboard */ = {
			isa = PBXVariantGroup;
			children = (
				6965D00C223A5A2000DBB5BE /* Base */,
			);
			name = Main.storyboard;
			sourceTree = "<group>";
		};
		6965D010223A5A2100DBB5BE /* LaunchScreen.storyboard */ = {
			isa = PBXVariantGroup;
			children = (
				6965D011223A5A2100DBB5BE /* Base */,
			);
			name = LaunchScreen.storyboard;
			sourceTree = "<group>";
		};
/* End PBXVariantGroup section */

/* Begin XCBuildConfiguration section */
		6965D014223A5A2100DBB5BE /* Debug */ = {
			isa = XCBuildConfiguration;
			buildSettings = {
				ALWAYS_SEARCH_USER_PATHS = NO;
				CLANG_ANALYZER_NONNULL = YES;
				CLANG_ANALYZER_NUMBER_OBJECT_CONVERSION = YES_AGGRESSIVE;
				CLANG_CXX_LANGUAGE_STANDARD = "gnu++14";
				CLANG_CXX_LIBRARY = "libc++";
				CLANG_ENABLE_MODULES = YES;
				CLANG_ENABLE_OBJC_ARC = YES;
				CLANG_ENABLE_OBJC_WEAK = YES;
				CLANG_WARN_BLOCK_CAPTURE_AUTORELEASING = YES;
				CLANG_WARN_BOOL_CONVERSION = YES;
				CLANG_WARN_COMMA = YES;
				CLANG_WARN_CONSTANT_CONVERSION = YES;
				CLANG_WARN_DEPRECATED_OBJC_IMPLEMENTATIONS = YES;
				CLANG_WARN_DIRECT_OBJC_ISA_USAGE = YES_ERROR;
				CLANG_WARN_DOCUMENTATION_COMMENTS = YES;
				CLANG_WARN_EMPTY_BODY = YES;
				CLANG_WARN_ENUM_CONVERSION = YES;
				CLANG_WARN_INFINITE_RECURSION = YES;
				CLANG_WARN_INT_CONVERSION = YES;
				CLANG_WARN_NON_LITERAL_NULL_CONVERSION = YES;
				CLANG_WARN_OBJC_IMPLICIT_RETAIN_SELF = YES;
				CLANG_WARN_OBJC_LITERAL_CONVERSION = YES;
				CLANG_WARN_OBJC_ROOT_CLASS = YES_ERROR;
				CLANG_WARN_RANGE_LOOP_ANALYSIS = YES;
				CLANG_WARN_STRICT_PROTOTYPES = YES;
				CLANG_WARN_SUSPICIOUS_MOVE = YES;
				CLANG_WARN_UNGUARDED_AVAILABILITY = YES_AGGRESSIVE;
				CLANG_WARN_UNREACHABLE_CODE = YES;
				CLANG_WARN__DUPLICATE_METHOD_MATCH = YES;
				CODE_SIGN_IDENTITY = "iPhone Developer";
				COPY_PHASE_STRIP = NO;
				DEBUG_INFORMATION_FORMAT = dwarf;
				ENABLE_STRICT_OBJC_MSGSEND = YES;
				ENABLE_TESTABILITY = YES;
				GCC_C_LANGUAGE_STANDARD = gnu11;
				GCC_DYNAMIC_NO_PIC = NO;
				GCC_NO_COMMON_BLOCKS = YES;
				GCC_OPTIMIZATION_LEVEL = 0;
				GCC_PREPROCESSOR_DEFINITIONS = (
					"DEBUG=1",
					"$(inherited)",
				);
				GCC_WARN_64_TO_32_BIT_CONVERSION = YES;
				GCC_WARN_ABOUT_RETURN_TYPE = YES_ERROR;
				GCC_WARN_UNDECLARED_SELECTOR = YES;
				GCC_WARN_UNINITIALIZED_AUTOS = YES_AGGRESSIVE;
				GCC_WARN_UNUSED_FUNCTION = YES;
				GCC_WARN_UNUSED_VARIABLE = YES;
				IPHONEOS_DEPLOYMENT_TARGET = 12.1;
				MTL_ENABLE_DEBUG_INFO = INCLUDE_SOURCE;
				MTL_FAST_MATH = YES;
				ONLY_ACTIVE_ARCH = YES;
				SDKROOT = iphoneos;
				SWIFT_ACTIVE_COMPILATION_CONDITIONS = DEBUG;
				SWIFT_OPTIMIZATION_LEVEL = "-Onone";
			};
			name = Debug;
		};
		6965D015223A5A2100DBB5BE /* Release */ = {
			isa = XCBuildConfiguration;
			buildSettings = {
				ALWAYS_SEARCH_USER_PATHS = NO;
				CLANG_ANALYZER_NONNULL = YES;
				CLANG_ANALYZER_NUMBER_OBJECT_CONVERSION = YES_AGGRESSIVE;
				CLANG_CXX_LANGUAGE_STANDARD = "gnu++14";
				CLANG_CXX_LIBRARY = "libc++";
				CLANG_ENABLE_MODULES = YES;
				CLANG_ENABLE_OBJC_ARC = YES;
				CLANG_ENABLE_OBJC_WEAK = YES;
				CLANG_WARN_BLOCK_CAPTURE_AUTORELEASING = YES;
				CLANG_WARN_BOOL_CONVERSION = YES;
				CLANG_WARN_COMMA = YES;
				CLANG_WARN_CONSTANT_CONVERSION = YES;
				CLANG_WARN_DEPRECATED_OBJC_IMPLEMENTATIONS = YES;
				CLANG_WARN_DIRECT_OBJC_ISA_USAGE = YES_ERROR;
				CLANG_WARN_DOCUMENTATION_COMMENTS = YES;
				CLANG_WARN_EMPTY_BODY = YES;
				CLANG_WARN_ENUM_CONVERSION = YES;
				CLANG_WARN_INFINITE_RECURSION = YES;
				CLANG_WARN_INT_CONVERSION = YES;
				CLANG_WARN_NON_LITERAL_NULL_CONVERSION = YES;
				CLANG_WARN_OBJC_IMPLICIT_RETAIN_SELF = YES;
				CLANG_WARN_OBJC_LITERAL_CONVERSION = YES;
				CLANG_WARN_OBJC_ROOT_CLASS = YES_ERROR;
				CLANG_WARN_RANGE_LOOP_ANALYSIS = YES;
				CLANG_WARN_STRICT_PROTOTYPES = YES;
				CLANG_WARN_SUSPICIOUS_MOVE = YES;
				CLANG_WARN_UNGUARDED_AVAILABILITY = YES_AGGRESSIVE;
				CLANG_WARN_UNREACHABLE_CODE = YES;
				CLANG_WARN__DUPLICATE_METHOD_MATCH = YES;
				CODE_SIGN_IDENTITY = "iPhone Developer";
				COPY_PHASE_STRIP = NO;
				DEBUG_INFORMATION_FORMAT = "dwarf-with-dsym";
				ENABLE_NS_ASSERTIONS = NO;
				ENABLE_STRICT_OBJC_MSGSEND = YES;
				GCC_C_LANGUAGE_STANDARD = gnu11;
				GCC_NO_COMMON_BLOCKS = YES;
				GCC_WARN_64_TO_32_BIT_CONVERSION = YES;
				GCC_WARN_ABOUT_RETURN_TYPE = YES_ERROR;
				GCC_WARN_UNDECLARED_SELECTOR = YES;
				GCC_WARN_UNINITIALIZED_AUTOS = YES_AGGRESSIVE;
				GCC_WARN_UNUSED_FUNCTION = YES;
				GCC_WARN_UNUSED_VARIABLE = YES;
				IPHONEOS_DEPLOYMENT_TARGET = 12.1;
				MTL_ENABLE_DEBUG_INFO = NO;
				MTL_FAST_MATH = YES;
				SDKROOT = iphoneos;
				SWIFT_COMPILATION_MODE = wholemodule;
				SWIFT_OPTIMIZATION_LEVEL = "-O";
				VALIDATE_PRODUCT = YES;
			};
			name = Release;
		};
		6965D017223A5A2100DBB5BE /* Debug */ = {
			isa = XCBuildConfiguration;
			buildSettings = {
				ASSETCATALOG_COMPILER_APPICON_NAME = AppIcon;
				CODE_SIGN_STYLE = Automatic;
				INFOPLIST_FILE = ChartDemo/Info.plist;
				IPHONEOS_DEPLOYMENT_TARGET = 10.0;
				LD_RUNPATH_SEARCH_PATHS = (
					"$(inherited)",
					"@executable_path/Frameworks",
				);
				PRODUCT_BUNDLE_IDENTIFIER = lab.myunggu.ChartDemo;
				PRODUCT_NAME = "$(TARGET_NAME)";
				SWIFT_VERSION = 4.2;
				TARGETED_DEVICE_FAMILY = 1;
			};
			name = Debug;
		};
		6965D018223A5A2100DBB5BE /* Release */ = {
			isa = XCBuildConfiguration;
			buildSettings = {
				ASSETCATALOG_COMPILER_APPICON_NAME = AppIcon;
				CODE_SIGN_STYLE = Automatic;
				INFOPLIST_FILE = ChartDemo/Info.plist;
				IPHONEOS_DEPLOYMENT_TARGET = 10.0;
				LD_RUNPATH_SEARCH_PATHS = (
					"$(inherited)",
					"@executable_path/Frameworks",
				);
				PRODUCT_BUNDLE_IDENTIFIER = lab.myunggu.ChartDemo;
				PRODUCT_NAME = "$(TARGET_NAME)";
				SWIFT_VERSION = 4.2;
				TARGETED_DEVICE_FAMILY = 1;
			};
			name = Release;
		};
/* End XCBuildConfiguration section */

/* Begin XCConfigurationList section */
		6965CFFF223A5A2000DBB5BE /* Build configuration list for PBXProject "ChartDemo" */ = {
			isa = XCConfigurationList;
			buildConfigurations = (
				6965D014223A5A2100DBB5BE /* Debug */,
				6965D015223A5A2100DBB5BE /* Release */,
			);
			defaultConfigurationIsVisible = 0;
			defaultConfigurationName = Release;
		};
		6965D016223A5A2100DBB5BE /* Build configuration list for PBXNativeTarget "ChartDemo" */ = {
			isa = XCConfigurationList;
			buildConfigurations = (
				6965D017223A5A2100DBB5BE /* Debug */,
				6965D018223A5A2100DBB5BE /* Release */,
			);
			defaultConfigurationIsVisible = 0;
			defaultConfigurationName = Release;
		};
/* End XCConfigurationList section */
	};
	rootObject = 6965CFFC223A5A2000DBB5BE /* Project object */;
}
